{
  "name": "@persistr/examples",
  "version": "1.3.0",
  "lockfileVersion": 2,
  "requires": true,
  "packages": {
    "": {
      "name": "@persistr/examples",
      "version": "1.3.0",
      "license": "GPL-3.0-only",
      "dependencies": {
        "@persistr/js": "^4.5.7"
      }
    },
    "node_modules/@persistr/js": {
      "version": "4.5.7",
      "resolved": "https://registry.npmjs.org/@persistr/js/-/js-4.5.7.tgz",
      "integrity": "sha512-8W9E6P8z/ICm5kn0qgWacOS9UFePQ+0uTGFHDMKumU6sc3yQOZi+j5QaYQ8fu9eWoV0W6RgpYXkF6LcRkYqOBg==",
      "dependencies": {
        "async-queue": "^0.1.0",
        "bluebird": "^3.7.2",
        "btoa": "^1.2.1",
        "connection-string-parser": "^1.0.3",
        "cross-fetch": "^3.0.2",
        "d3-array": "^2.4.0",
        "dotenv": "^8.0.0",
        "eventsource": "^1.0.7",
        "fetch-retry": "^4.0.1",
        "lru-cache": "^5.1.1",
        "luxon": "^1.3.2",
        "matcher": "^2.0.0",
        "sift": "^11.1.8",
        "uuid": "^3.3.2"
      }
    },
    "node_modules/async-queue": {
      "version": "0.1.0",
      "resolved": "https://registry.npmjs.org/async-queue/-/async-queue-0.1.0.tgz",
      "integrity": "sha1-5+H2esZtP2x7h1i4XyywuqZbavQ=",
      "engines": {
        "node": ">= 0.4"
      }
    },
    "node_modules/bluebird": {
      "version": "3.7.2",
      "resolved": "https://registry.npmjs.org/bluebird/-/bluebird-3.7.2.tgz",
      "integrity": "sha512-XpNj6GDQzdfW+r2Wnn7xiSAd7TM3jzkxGXBGTtWKuSXv1xUV+azxAm8jdWZN06QTQk+2N2XB9jRDkvbmQmcRtg=="
    },
    "node_modules/btoa": {
      "version": "1.2.1",
      "resolved": "https://registry.npmjs.org/btoa/-/btoa-1.2.1.tgz",
      "integrity": "sha512-SB4/MIGlsiVkMcHmT+pSmIPoNDoHg+7cMzmt3Uxt628MTz2487DKSqK/fuhFBrkuqrYv5UCEnACpF4dTFNKc/g==",
      "bin": {
        "btoa": "bin/btoa.js"
      },
      "engines": {
        "node": ">= 0.4.0"
      }
    },
    "node_modules/connection-string-parser": {
      "version": "1.0.3",
      "resolved": "https://registry.npmjs.org/connection-string-parser/-/connection-string-parser-1.0.3.tgz",
      "integrity": "sha512-JTfzMX4NkL/kN8PqncU2NXqrIHShyzcG0KQCN+otUtWmuMhpnQuG3wihyNJw3OtbJOXPKwDoI+q8AKMhui/GFQ==",
      "dependencies": {
        "tslib": "^1.10.0"
      }
    },
    "node_modules/cross-fetch": {
      "version": "3.0.6",
      "resolved": "https://registry.npmjs.org/cross-fetch/-/cross-fetch-3.0.6.tgz",
      "integrity": "sha512-KBPUbqgFjzWlVcURG+Svp9TlhA5uliYtiNx/0r8nv0pdypeQCRJ9IaSIc3q/x3q8t3F75cHuwxVql1HFGHCNJQ==",
      "dependencies": {
        "node-fetch": "2.6.1"
      }
    },
    "node_modules/d3-array": {
      "version": "2.11.0",
      "resolved": "https://registry.npmjs.org/d3-array/-/d3-array-2.11.0.tgz",
      "integrity": "sha512-26clcwmHQEdsLv34oNKq5Ia9tQ26Y/4HqS3dQzF42QBUqymZJ+9PORcN1G52bt37NsL2ABoX4lvyYZc+A9Y0zw==",
      "dependencies": {
        "internmap": "^1.0.0"
      }
    },
    "node_modules/dotenv": {
      "version": "8.2.0",
      "resolved": "https://registry.npmjs.org/dotenv/-/dotenv-8.2.0.tgz",
      "integrity": "sha512-8sJ78ElpbDJBHNeBzUbUVLsqKdccaa/BXF1uPTw3GrvQTBgrQrtObr2mUrE38vzYd8cEv+m/JBfDLioYcfXoaw==",
      "engines": {
        "node": ">=8"
      }
    },
    "node_modules/escape-string-regexp": {
      "version": "2.0.0",
      "resolved": "https://registry.npmjs.org/escape-string-regexp/-/escape-string-regexp-2.0.0.tgz",
      "integrity": "sha512-UpzcLCXolUWcNu5HtVMHYdXJjArjsF9C0aNnquZYY4uW/Vu0miy5YoWvbV345HauVvcAUnpRuhMMcqTcGOY2+w==",
      "engines": {
        "node": ">=8"
      }
    },
    "node_modules/eventsource": {
      "version": "1.0.7",
      "resolved": "https://registry.npmjs.org/eventsource/-/eventsource-1.0.7.tgz",
      "integrity": "sha512-4Ln17+vVT0k8aWq+t/bF5arcS3EpT9gYtW66EPacdj/mAFevznsnyoHLPy2BA8gbIQeIHoPsvwmfBftfcG//BQ==",
      "dependencies": {
        "original": "^1.0.0"
      },
      "engines": {
        "node": ">=0.12.0"
      }
    },
    "node_modules/fetch-retry": {
      "version": "4.0.1",
      "resolved": "https://registry.npmjs.org/fetch-retry/-/fetch-retry-4.0.1.tgz",
      "integrity": "sha512-EhIeVBkq9T2z1ANDr2kmLujoHOTdLvR9t/nzLSdX4PMIFinLyyZFYX9T6Fb3LrbiHQEhujq1O7ElsqjuqYIsEA=="
    },
    "node_modules/internmap": {
      "version": "1.0.0",
      "resolved": "https://registry.npmjs.org/internmap/-/internmap-1.0.0.tgz",
      "integrity": "sha512-SdoDWwNOTE2n4JWUsLn4KXZGuZPjPF9yyOGc8bnfWnBQh7BD/l80rzSznKc/r4Y0aQ7z3RTk9X+tV4tHBpu+dA=="
    },
    "node_modules/lru-cache": {
      "version": "5.1.1",
      "resolved": "https://registry.npmjs.org/lru-cache/-/lru-cache-5.1.1.tgz",
      "integrity": "sha512-KpNARQA3Iwv+jTA0utUVVbrh+Jlrr1Fv0e56GGzAFOXN7dk/FviaDW8LHmK52DlcH4WP2n6gI8vN1aesBFgo9w==",
      "dependencies": {
        "yallist": "^3.0.2"
      }
    },
    "node_modules/luxon": {
      "version": "1.25.0",
      "resolved": "https://registry.npmjs.org/luxon/-/luxon-1.25.0.tgz",
      "integrity": "sha512-hEgLurSH8kQRjY6i4YLey+mcKVAWXbDNlZRmM6AgWDJ1cY3atl8Ztf5wEY7VBReFbmGnwQPz7KYJblL8B2k0jQ==",
      "engines": {
        "node": "*"
      }
    },
    "node_modules/matcher": {
      "version": "2.1.0",
      "resolved": "https://registry.npmjs.org/matcher/-/matcher-2.1.0.tgz",
      "integrity": "sha512-o+nZr+vtJtgPNklyeUKkkH42OsK8WAfdgaJE2FNxcjLPg+5QbeEoT6vRj8Xq/iv18JlQ9cmKsEu0b94ixWf1YQ==",
      "dependencies": {
        "escape-string-regexp": "^2.0.0"
      },
      "engines": {
        "node": ">=8"
      }
    },
    "node_modules/node-fetch": {
      "version": "2.6.1",
      "resolved": "https://registry.npmjs.org/node-fetch/-/node-fetch-2.6.1.tgz",
      "integrity": "sha512-V4aYg89jEoVRxRb2fJdAg8FHvI7cEyYdVAh94HH0UIK8oJxUfkjlDQN9RbMx+bEjP7+ggMiFRprSti032Oipxw==",
      "engines": {
        "node": "4.x || >=6.0.0"
      }
    },
    "node_modules/original": {
      "version": "1.0.2",
      "resolved": "https://registry.npmjs.org/original/-/original-1.0.2.tgz",
      "integrity": "sha512-hyBVl6iqqUOJ8FqRe+l/gS8H+kKYjrEndd5Pm1MfBtsEKA038HkkdbAl/72EAXGyonD/PFsvmVG+EvcIpliMBg==",
      "dependencies": {
        "url-parse": "^1.4.3"
      }
    },
    "node_modules/querystringify": {
      "version": "2.2.0",
      "resolved": "https://registry.npmjs.org/querystringify/-/querystringify-2.2.0.tgz",
      "integrity": "sha512-FIqgj2EUvTa7R50u0rGsyTftzjYmv/a3hO345bZNrqabNqjtgiDMgmo4mkUjd+nzU5oF3dClKqFIPUKybUyqoQ=="
    },
    "node_modules/requires-port": {
      "version": "1.0.0",
      "resolved": "https://registry.npmjs.org/requires-port/-/requires-port-1.0.0.tgz",
      "integrity": "sha1-kl0mAdOaxIXgkc8NpcbmlNw9yv8="
    },
    "node_modules/sift": {
      "version": "11.1.8",
      "resolved": "https://registry.npmjs.org/sift/-/sift-11.1.8.tgz",
      "integrity": "sha512-QoNDdWFzFrtoNdYeJeDjhceLiuHOGlLacVxE7Y5QX/teBeYBWRM6s4RatraBoRvEsoDr/bsjeCmEH0hSHCJChQ=="
    },
    "node_modules/tslib": {
      "version": "1.14.1",
      "resolved": "https://registry.npmjs.org/tslib/-/tslib-1.14.1.tgz",
      "integrity": "sha512-Xni35NKzjgMrwevysHTCArtLDpPvye8zV/0E4EyYn43P7/7qvQwPh9BGkHewbMulVntbigmcT7rdX3BNo9wRJg=="
    },
    "node_modules/url-parse": {
      "version": "1.4.7",
      "resolved": "https://registry.npmjs.org/url-parse/-/url-parse-1.4.7.tgz",
      "integrity": "sha512-d3uaVyzDB9tQoSXFvuSUNFibTd9zxd2bkVrDRvF5TmvWWQwqE4lgYJ5m+x1DbecWkw+LK4RNl2CU1hHuOKPVlg==",
      "dependencies": {
        "querystringify": "^2.1.1",
        "requires-port": "^1.0.0"
      }
    },
    "node_modules/uuid": {
      "version": "3.4.0",
      "resolved": "https://registry.npmjs.org/uuid/-/uuid-3.4.0.tgz",
      "integrity": "sha512-HjSDRw6gZE5JMggctHBcjVak08+KEVhSIiDzFnT9S9aegmp85S/bReBVTb4QTFaRNptJ9kuYaNhnbNEOkbKb/A==",
      "bin": {
        "uuid": "bin/uuid"
      }
    },
    "node_modules/yallist": {
      "version": "3.1.1",
      "resolved": "https://registry.npmjs.org/yallist/-/yallist-3.1.1.tgz",
      "integrity": "sha512-a4UGQaWPH59mOXUYnAG2ewncQS4i4F43Tv3JoAM+s2VDAmS9NsK8GpDMLrCHPksFT7h3K6TOoUNn2pb7RoXx4g=="
    }
  },
  "dependencies": {
    "@persistr/js": {
      "version": "4.5.7",
      "resolved": "https://registry.npmjs.org/@persistr/js/-/js-4.5.7.tgz",
      "integrity": "sha512-8W9E6P8z/ICm5kn0qgWacOS9UFePQ+0uTGFHDMKumU6sc3yQOZi+j5QaYQ8fu9eWoV0W6RgpYXkF6LcRkYqOBg==",
      "requires": {
        "async-queue": "^0.1.0",
        "bluebird": "^3.7.2",
        "btoa": "^1.2.1",
        "connection-string-parser": "^1.0.3",
        "cross-fetch": "^3.0.2",
        "d3-array": "^2.4.0",
        "dotenv": "^8.0.0",
        "eventsource": "^1.0.7",
        "fetch-retry": "^4.0.1",
        "lru-cache": "^5.1.1",
        "luxon": "^1.3.2",
        "matcher": "^2.0.0",
        "sift": "^11.1.8",
        "uuid": "^3.3.2"
      }
    },
    "async-queue": {
      "version": "0.1.0",
      "resolved": "https://registry.npmjs.org/async-queue/-/async-queue-0.1.0.tgz",
      "integrity": "sha1-5+H2esZtP2x7h1i4XyywuqZbavQ="
    },
    "bluebird": {
      "version": "3.7.2",
      "resolved": "https://registry.npmjs.org/bluebird/-/bluebird-3.7.2.tgz",
      "integrity": "sha512-XpNj6GDQzdfW+r2Wnn7xiSAd7TM3jzkxGXBGTtWKuSXv1xUV+azxAm8jdWZN06QTQk+2N2XB9jRDkvbmQmcRtg=="
    },
    "btoa": {
      "version": "1.2.1",
      "resolved": "https://registry.npmjs.org/btoa/-/btoa-1.2.1.tgz",
      "integrity": "sha512-SB4/MIGlsiVkMcHmT+pSmIPoNDoHg+7cMzmt3Uxt628MTz2487DKSqK/fuhFBrkuqrYv5UCEnACpF4dTFNKc/g=="
    },
    "connection-string-parser": {
      "version": "1.0.3",
      "resolved": "https://registry.npmjs.org/connection-string-parser/-/connection-string-parser-1.0.3.tgz",
      "integrity": "sha512-JTfzMX4NkL/kN8PqncU2NXqrIHShyzcG0KQCN+otUtWmuMhpnQuG3wihyNJw3OtbJOXPKwDoI+q8AKMhui/GFQ==",
      "requires": {
        "tslib": "^1.10.0"
      }
    },
    "cross-fetch": {
      "version": "3.0.6",
      "resolved": "https://registry.npmjs.org/cross-fetch/-/cross-fetch-3.0.6.tgz",
      "integrity": "sha512-KBPUbqgFjzWlVcURG+Svp9TlhA5uliYtiNx/0r8nv0pdypeQCRJ9IaSIc3q/x3q8t3F75cHuwxVql1HFGHCNJQ==",
      "requires": {
        "node-fetch": "2.6.1"
      }
    },
    "d3-array": {
      "version": "2.11.0",
      "resolved": "https://registry.npmjs.org/d3-array/-/d3-array-2.11.0.tgz",
      "integrity": "sha512-26clcwmHQEdsLv34oNKq5Ia9tQ26Y/4HqS3dQzF42QBUqymZJ+9PORcN1G52bt37NsL2ABoX4lvyYZc+A9Y0zw==",
      "requires": {
        "internmap": "^1.0.0"
      }
    },
    "dotenv": {
      "version": "8.2.0",
      "resolved": "https://registry.npmjs.org/dotenv/-/dotenv-8.2.0.tgz",
      "integrity": "sha512-8sJ78ElpbDJBHNeBzUbUVLsqKdccaa/BXF1uPTw3GrvQTBgrQrtObr2mUrE38vzYd8cEv+m/JBfDLioYcfXoaw=="
    },
    "escape-string-regexp": {
      "version": "2.0.0",
      "resolved": "https://registry.npmjs.org/escape-string-regexp/-/escape-string-regexp-2.0.0.tgz",
      "integrity": "sha512-UpzcLCXolUWcNu5HtVMHYdXJjArjsF9C0aNnquZYY4uW/Vu0miy5YoWvbV345HauVvcAUnpRuhMMcqTcGOY2+w=="
    },
    "eventsource": {
      "version": "1.0.7",
      "resolved": "https://registry.npmjs.org/eventsource/-/eventsource-1.0.7.tgz",
      "integrity": "sha512-4Ln17+vVT0k8aWq+t/bF5arcS3EpT9gYtW66EPacdj/mAFevznsnyoHLPy2BA8gbIQeIHoPsvwmfBftfcG//BQ==",
      "requires": {
        "original": "^1.0.0"
      }
    },
    "fetch-retry": {
      "version": "4.0.1",
      "resolved": "https://registry.npmjs.org/fetch-retry/-/fetch-retry-4.0.1.tgz",
      "integrity": "sha512-EhIeVBkq9T2z1ANDr2kmLujoHOTdLvR9t/nzLSdX4PMIFinLyyZFYX9T6Fb3LrbiHQEhujq1O7ElsqjuqYIsEA=="
    },
    "internmap": {
      "version": "1.0.0",
      "resolved": "https://registry.npmjs.org/internmap/-/internmap-1.0.0.tgz",
      "integrity": "sha512-SdoDWwNOTE2n4JWUsLn4KXZGuZPjPF9yyOGc8bnfWnBQh7BD/l80rzSznKc/r4Y0aQ7z3RTk9X+tV4tHBpu+dA=="
    },
    "lru-cache": {
      "version": "5.1.1",
      "resolved": "https://registry.npmjs.org/lru-cache/-/lru-cache-5.1.1.tgz",
      "integrity": "sha512-KpNARQA3Iwv+jTA0utUVVbrh+Jlrr1Fv0e56GGzAFOXN7dk/FviaDW8LHmK52DlcH4WP2n6gI8vN1aesBFgo9w==",
      "requires": {
        "yallist": "^3.0.2"
      }
    },
    "luxon": {
      "version": "1.25.0",
      "resolved": "https://registry.npmjs.org/luxon/-/luxon-1.25.0.tgz",
      "integrity": "sha512-hEgLurSH8kQRjY6i4YLey+mcKVAWXbDNlZRmM6AgWDJ1cY3atl8Ztf5wEY7VBReFbmGnwQPz7KYJblL8B2k0jQ=="
    },
    "matcher": {
      "version": "2.1.0",
      "resolved": "https://registry.npmjs.org/matcher/-/matcher-2.1.0.tgz",
      "integrity": "sha512-o+nZr+vtJtgPNklyeUKkkH42OsK8WAfdgaJE2FNxcjLPg+5QbeEoT6vRj8Xq/iv18JlQ9cmKsEu0b94ixWf1YQ==",
      "requires": {
        "escape-string-regexp": "^2.0.0"
      }
    },
    "node-fetch": {
      "version": "2.6.1",
      "resolved": "https://registry.npmjs.org/node-fetch/-/node-fetch-2.6.1.tgz",
      "integrity": "sha512-V4aYg89jEoVRxRb2fJdAg8FHvI7cEyYdVAh94HH0UIK8oJxUfkjlDQN9RbMx+bEjP7+ggMiFRprSti032Oipxw=="
    },
    "original": {
      "version": "1.0.2",
      "resolved": "https://registry.npmjs.org/original/-/original-1.0.2.tgz",
      "integrity": "sha512-hyBVl6iqqUOJ8FqRe+l/gS8H+kKYjrEndd5Pm1MfBtsEKA038HkkdbAl/72EAXGyonD/PFsvmVG+EvcIpliMBg==",
      "requires": {
        "url-parse": "^1.4.3"
      }
    },
    "querystringify": {
      "version": "2.2.0",
      "resolved": "https://registry.npmjs.org/querystringify/-/querystringify-2.2.0.tgz",
      "integrity": "sha512-FIqgj2EUvTa7R50u0rGsyTftzjYmv/a3hO345bZNrqabNqjtgiDMgmo4mkUjd+nzU5oF3dClKqFIPUKybUyqoQ=="
    },
    "requires-port": {
      "version": "1.0.0",
      "resolved": "https://registry.npmjs.org/requires-port/-/requires-port-1.0.0.tgz",
      "integrity": "sha1-kl0mAdOaxIXgkc8NpcbmlNw9yv8="
    },
    "sift": {
      "version": "11.1.8",
      "resolved": "https://registry.npmjs.org/sift/-/sift-11.1.8.tgz",
      "integrity": "sha512-QoNDdWFzFrtoNdYeJeDjhceLiuHOGlLacVxE7Y5QX/teBeYBWRM6s4RatraBoRvEsoDr/bsjeCmEH0hSHCJChQ=="
    },
    "tslib": {
      "version": "1.14.1",
      "resolved": "https://registry.npmjs.org/tslib/-/tslib-1.14.1.tgz",
      "integrity": "sha512-Xni35NKzjgMrwevysHTCArtLDpPvye8zV/0E4EyYn43P7/7qvQwPh9BGkHewbMulVntbigmcT7rdX3BNo9wRJg=="
    },
    "url-parse": {
      "version": "1.4.7",
      "resolved": "https://registry.npmjs.org/url-parse/-/url-parse-1.4.7.tgz",
      "integrity": "sha512-d3uaVyzDB9tQoSXFvuSUNFibTd9zxd2bkVrDRvF5TmvWWQwqE4lgYJ5m+x1DbecWkw+LK4RNl2CU1hHuOKPVlg==",
      "requires": {
        "querystringify": "^2.1.1",
        "requires-port": "^1.0.0"
      }
    },
    "uuid": {
      "version": "3.4.0",
      "resolved": "https://registry.npmjs.org/uuid/-/uuid-3.4.0.tgz",
      "integrity": "sha512-HjSDRw6gZE5JMggctHBcjVak08+KEVhSIiDzFnT9S9aegmp85S/bReBVTb4QTFaRNptJ9kuYaNhnbNEOkbKb/A=="
    },
    "yallist": {
      "version": "3.1.1",
      "resolved": "https://registry.npmjs.org/yallist/-/yallist-3.1.1.tgz",
      "integrity": "sha512-a4UGQaWPH59mOXUYnAG2ewncQS4i4F43Tv3JoAM+s2VDAmS9NsK8GpDMLrCHPksFT7h3K6TOoUNn2pb7RoXx4g=="
    }
  }
}
